Microsoft Visual Studio Solution File, Format Version 11.00
# Visual Studio 2008

Project("{298E1F64-D51C-8965-F08D-7DF07EB269D3}") = "Demo for Biters", "Assembly-CSharp.csproj", "{02772360-2478-7D14-F816-E8B5C6EEB14D}"
EndProject
Global
	GlobalSection(SolutionConfigurationPlatforms) = preSolution
		Debug|Any CPU = Debug|Any CPU
		Release|Any CPU = Release|Any CPU
	EndGlobalSection
	GlobalSection(ProjectConfigurationPlatforms) = postSolution
		{02772360-2478-7D14-F816-E8B5C6EEB14D}.Debug|Any CPU.ActiveCfg = Debug|Any CPU
		{02772360-2478-7D14-F816-E8B5C6EEB14D}.Debug|Any CPU.Build.0 = Debug|Any CPU
		{02772360-2478-7D14-F816-E8B5C6EEB14D}.Release|Any CPU.ActiveCfg = Release|Any CPU
		{02772360-2478-7D14-F816-E8B5C6EEB14D}.Release|Any CPU.Build.0 = Release|Any CPU
	EndGlobalSection
	GlobalSection(SolutionProperties) = preSolution
		HideSolutionNode = FALSE
	EndGlobalSection
																																																																																																																																																																																																																													GlobalSection(MonoDevelopProperties) = preSolution
		StartupItem = Assembly-CSharp.csproj
		Policies = $0
		$0.TextStylePolicy = $1
		$1.inheritsSet = null
		$1.scope = text/x-csharp
		$0.CSharpFormattingPolicy = $2
		$2.inheritsSet = Mono
		$2.inheritsScope = text/x-csharp
		$2.scope = text/x-csharp
		$0.TextStylePolicy = $3
		$3.FileWidth = 120
		$3.TabWidth = 4
		$3.EolMarker = Unix
		$3.inheritsSet = Mono
		$3.inheritsScope = text/plain
		$3.scope = text/plain
	EndGlobalSection

EndGlobal
